{
  "name": "assets",
  "lockfileVersion": 3,
  "requires": true,
  "packages": {
    "": {
      "dependencies": {
        "basecoat-css": "^0.3.1",
        "gsap": "^3.13.0",
        "remixicon": "^4.6.0"
      }
    },
    "node_modules/basecoat-css": {
      "version": "0.3.1",
      "resolved": "https://registry.npmjs.org/basecoat-css/-/basecoat-css-0.3.1.tgz",
      "integrity": "sha512-cotAERreWNNjOD0NVfBRHPKa1UtDB97vF/IlLcpjZBFIATQyTrytnIKoqTCpQ4blYZAZkGXQZOoqdtVtKITMBA==",
      "license": "MIT"
    },
    "node_modules/gsap": {
      "version": "3.13.0",
      "resolved": "https://registry.npmjs.org/gsap/-/gsap-3.13.0.tgz",
      "integrity": "sha512-QL7MJ2WMjm1PHWsoFrAQH/J8wUeqZvMtHO58qdekHpCfhvhSL4gSiz6vJf5EeMP0LOn3ZCprL2ki/gjED8ghVw==",
      "license": "Standard 'no charge' license: https://gsap.com/standard-license."
    },
    "node_modules/remixicon": {
      "version": "4.6.0",
      "resolved": "https://registry.npmjs.org/remixicon/-/remixicon-4.6.0.tgz",
      "integrity": "sha512-bKM5odjqE1yzVxEZGJE7F79WHhNrJFIKHXR+GG+P1IWXn8AnJZhl8SbIRDJsNAvIqx4VPkNwjuHfc42tutMDpQ==",
      "license": "Apache-2.0"
    }
  }
}
